
Microsoft Visual Studio Solution File, Format Version 12.00
# Visual Studio Version 16
VisualStudioVersion = 16.0.30001.183
MinimumVisualStudioVersion = 10.0.40219.1
Project("{9A19103F-16F7-4668-BE54-9A1E7A4F7556}") = "StimmingSignalGenerator", "StimmingSignalGenerator\StimmingSignalGenerator.csproj", "{A481B29D-12AA-4EE5-89C7-C259FB808D3C}"
EndProject
Global
	GlobalSection(SolutionConfigurationPlatforms) = preSolution
		Debug|Any CPU = Debug|Any CPU
		Release|Any CPU = Release|Any CPU
	EndGlobalSection
	GlobalSection(ProjectConfigurationPlatforms) = postSolution
		{A481B29D-12AA-4EE5-89C7-C259FB808D3C}.Debug|Any CPU.ActiveCfg = Debug|Any CPU
		{A481B29D-12AA-4EE5-89C7-C259FB808D3C}.Debug|Any CPU.Build.0 = Debug|Any CPU
		{A481B29D-12AA-4EE5-89C7-C259FB808D3C}.Release|Any CPU.ActiveCfg = Release|Any CPU
		{A481B29D-12AA-4EE5-89C7-C259FB808D3C}.Release|Any CPU.Build.0 = Release|Any CPU
	EndGlobalSection
	GlobalSection(SolutionProperties) = preSolution
		HideSolutionNode = FALSE
	EndGlobalSection
	GlobalSection(ExtensibilityGlobals) = postSolution
		SolutionGuid = {B09CC7F6-4D5B-4B85-B4A7-2B0ED4BC794B}
	EndGlobalSection
EndGlobal
